
Microsoft Visual Studio Solution File, Format Version 12.00
# Visual Studio Version 16
VisualStudioVersion = 16.0.32106.194
MinimumVisualStudioVersion = 10.0.40219.1
Project("{FAE04EC0-301F-11D3-BF4B-00C04F79EFBC}") = "EPharmacyProject", "EPharmacyProject\EPharmacyProject.csproj", "{6704B8E1-E697-455F-A397-959D74DA2F79}"
EndProject
Global
	GlobalSection(SolutionConfigurationPlatforms) = preSolution
		Debug|Any CPU = Debug|Any CPU
		Release|Any CPU = Release|Any CPU
	EndGlobalSection
	GlobalSection(ProjectConfigurationPlatforms) = postSolution
		{6704B8E1-E697-455F-A397-959D74DA2F79}.Debug|Any CPU.ActiveCfg = Debug|Any CPU
		{6704B8E1-E697-455F-A397-959D74DA2F79}.Debug|Any CPU.Build.0 = Debug|Any CPU
		{6704B8E1-E697-455F-A397-959D74DA2F79}.Release|Any CPU.ActiveCfg = Release|Any CPU
		{6704B8E1-E697-455F-A397-959D74DA2F79}.Release|Any CPU.Build.0 = Release|Any CPU
	EndGlobalSection
	GlobalSection(SolutionProperties) = preSolution
		HideSolutionNode = FALSE
	EndGlobalSection
	GlobalSection(ExtensibilityGlobals) = postSolution
		SolutionGuid = {B4E9879A-0749-4A2E-9785-1765FE7178BE}
	EndGlobalSection
EndGlobal
